
Microsoft Visual Studio Solution File, Format Version 12.00
# Visual Studio Version 16
VisualStudioVersion = 16.0.29102.190
MinimumVisualStudioVersion = 10.0.40219.1
Project("{FAE04EC0-301F-11D3-BF4B-00C04F79EFBC}") = "AddOn.Episerver.Settings", "AddOn.Episerver.Settings\AddOn.Episerver.Settings.csproj", "{D999E2CF-F01E-48E6-85ED-98AEEE83B6FB}"
EndProject
Project("{2150E333-8FDC-42A3-9474-1A3956D46DE8}") = "Solution Files", "Solution Files", "{5F200133-B3A3-475F-A1D3-751EE1B0A50C}"
	ProjectSection(SolutionItems) = preProject
		AddOn.Episerver.Settings\AddOn.Episerver.Settings.nuspec = AddOn.Episerver.Settings\AddOn.Episerver.Settings.nuspec
		..\README.md = ..\README.md
		AddOn.Episerver.Settings\readme.txt = AddOn.Episerver.Settings\readme.txt
	EndProjectSection
EndProject
Global
	GlobalSection(SolutionConfigurationPlatforms) = preSolution
		Debug|Any CPU = Debug|Any CPU
		Release|Any CPU = Release|Any CPU
	EndGlobalSection
	GlobalSection(ProjectConfigurationPlatforms) = postSolution
		{D999E2CF-F01E-48E6-85ED-98AEEE83B6FB}.Debug|Any CPU.ActiveCfg = Debug|Any CPU
		{D999E2CF-F01E-48E6-85ED-98AEEE83B6FB}.Debug|Any CPU.Build.0 = Debug|Any CPU
		{D999E2CF-F01E-48E6-85ED-98AEEE83B6FB}.Release|Any CPU.ActiveCfg = Release|Any CPU
		{D999E2CF-F01E-48E6-85ED-98AEEE83B6FB}.Release|Any CPU.Build.0 = Release|Any CPU
	EndGlobalSection
	GlobalSection(SolutionProperties) = preSolution
		HideSolutionNode = FALSE
	EndGlobalSection
	GlobalSection(ExtensibilityGlobals) = postSolution
		SolutionGuid = {25A9AB19-4B1F-4DCF-A355-A00FABB548D5}
	EndGlobalSection
EndGlobal
